
Microsoft Visual Studio Solution File, Format Version 12.00
# Visual Studio Version 17
VisualStudioVersion = 17.8.34408.163
MinimumVisualStudioVersion = 10.0.40219.1
Project("{FAE04EC0-301F-11D3-BF4B-00C04F79EFBC}") = "connect four", "connect four\connect four.csproj", "{9DA9196E-04F4-4F35-8707-0201815FC9BD}"
EndProject
Global
	GlobalSection(SolutionConfigurationPlatforms) = preSolution
		Debug|Any CPU = Debug|Any CPU
		Release|Any CPU = Release|Any CPU
	EndGlobalSection
	GlobalSection(ProjectConfigurationPlatforms) = postSolution
		{9DA9196E-04F4-4F35-8707-0201815FC9BD}.Debug|Any CPU.ActiveCfg = Debug|Any CPU
		{9DA9196E-04F4-4F35-8707-0201815FC9BD}.Debug|Any CPU.Build.0 = Debug|Any CPU
		{9DA9196E-04F4-4F35-8707-0201815FC9BD}.Release|Any CPU.ActiveCfg = Release|Any CPU
		{9DA9196E-04F4-4F35-8707-0201815FC9BD}.Release|Any CPU.Build.0 = Release|Any CPU
	EndGlobalSection
	GlobalSection(SolutionProperties) = preSolution
		HideSolutionNode = FALSE
	EndGlobalSection
	GlobalSection(ExtensibilityGlobals) = postSolution
		SolutionGuid = {0814FA00-4428-478F-9C6A-DC25671A6373}
	EndGlobalSection
EndGlobal
